
Microsoft Visual Studio Solution File, Format Version 12.00
# Visual Studio Version 17
VisualStudioVersion = 17.12.35506.116 d17.12
MinimumVisualStudioVersion = 10.0.40219.1
Project("{FAE04EC0-301F-11D3-BF4B-00C04F79EFBC}") = "Client", "FamiChat\Client.csproj", "{31409B2F-ADCA-4BDF-9D3E-65455EBFDD3C}"
EndProject
Project("{FAE04EC0-301F-11D3-BF4B-00C04F79EFBC}") = "Server", "Server\Server.csproj", "{C2F72698-813C-421B-96FC-7B481F75CEAD}"
EndProject
Project("{FAE04EC0-301F-11D3-BF4B-00C04F79EFBC}") = "Shared", "Shared\Shared.csproj", "{E5BDF6B9-1223-4D0C-A00C-9051A9D66FFA}"
EndProject
Global
	GlobalSection(SolutionConfigurationPlatforms) = preSolution
		Debug|Any CPU = Debug|Any CPU
		Release|Any CPU = Release|Any CPU
	EndGlobalSection
	GlobalSection(ProjectConfigurationPlatforms) = postSolution
		{31409B2F-ADCA-4BDF-9D3E-65455EBFDD3C}.Debug|Any CPU.ActiveCfg = Debug|Any CPU
		{31409B2F-ADCA-4BDF-9D3E-65455EBFDD3C}.Debug|Any CPU.Build.0 = Debug|Any CPU
		{31409B2F-ADCA-4BDF-9D3E-65455EBFDD3C}.Release|Any CPU.ActiveCfg = Release|Any CPU
		{31409B2F-ADCA-4BDF-9D3E-65455EBFDD3C}.Release|Any CPU.Build.0 = Release|Any CPU
		{C2F72698-813C-421B-96FC-7B481F75CEAD}.Debug|Any CPU.ActiveCfg = Debug|Any CPU
		{C2F72698-813C-421B-96FC-7B481F75CEAD}.Debug|Any CPU.Build.0 = Debug|Any CPU
		{C2F72698-813C-421B-96FC-7B481F75CEAD}.Release|Any CPU.ActiveCfg = Release|Any CPU
		{C2F72698-813C-421B-96FC-7B481F75CEAD}.Release|Any CPU.Build.0 = Release|Any CPU
		{E5BDF6B9-1223-4D0C-A00C-9051A9D66FFA}.Debug|Any CPU.ActiveCfg = Debug|Any CPU
		{E5BDF6B9-1223-4D0C-A00C-9051A9D66FFA}.Debug|Any CPU.Build.0 = Debug|Any CPU
		{E5BDF6B9-1223-4D0C-A00C-9051A9D66FFA}.Release|Any CPU.ActiveCfg = Release|Any CPU
		{E5BDF6B9-1223-4D0C-A00C-9051A9D66FFA}.Release|Any CPU.Build.0 = Release|Any CPU
	EndGlobalSection
	GlobalSection(SolutionProperties) = preSolution
		HideSolutionNode = FALSE
	EndGlobalSection
EndGlobal
